
Microsoft Visual Studio Solution File, Format Version 12.00
# Visual Studio Version 17
VisualStudioVersion = 17.9.34728.123
MinimumVisualStudioVersion = 10.0.40219.1
Project("{2150E333-8FDC-42A3-9474-1A3956D46DE8}") = "Delivery 1", "Delivery 1", "{1B10600B-50E7-41F9-B589-CC6B044FDA84}"
EndProject
Project("{FAE04EC0-301F-11D3-BF4B-00C04F79EFBC}") = "FactoryMethod", "FactoryMethod\FactoryMethod.csproj", "{7535BE4C-0306-4597-8302-E8EBA6486692}"
EndProject
Project("{2150E333-8FDC-42A3-9474-1A3956D46DE8}") = "Delivery 2", "Delivery 2", "{A6C1C34F-E85B-4245-BD37-F6F4ADD83E39}"
EndProject
Project("{FAE04EC0-301F-11D3-BF4B-00C04F79EFBC}") = "Adapter", "Adapter\Adapter.csproj", "{104E3B6D-0784-4962-86B3-9BFF4DB616C1}"
EndProject
Project("{FAE04EC0-301F-11D3-BF4B-00C04F79EFBC}") = "Builder", "Builder\Builder.csproj", "{B6F3A217-9FE4-4FC4-8530-5A1E99ED909E}"
EndProject
Project("{FAE04EC0-301F-11D3-BF4B-00C04F79EFBC}") = "Proxy", "Proxy\Proxy.csproj", "{B844B218-A36E-46BA-AAEC-905791194E75}"
EndProject
Project("{2150E333-8FDC-42A3-9474-1A3956D46DE8}") = "Delivery 3", "Delivery 3", "{92254410-C08C-4DEB-AAC3-215560F25D32}"
EndProject
Project("{FAE04EC0-301F-11D3-BF4B-00C04F79EFBC}") = "Observer", "Observer\Observer.csproj", "{42F1A517-228E-405A-A0C2-3A329D126C32}"
EndProject
Global
	GlobalSection(SolutionConfigurationPlatforms) = preSolution
		Debug|Any CPU = Debug|Any CPU
		Release|Any CPU = Release|Any CPU
	EndGlobalSection
	GlobalSection(ProjectConfigurationPlatforms) = postSolution
		{7535BE4C-0306-4597-8302-E8EBA6486692}.Debug|Any CPU.ActiveCfg = Debug|Any CPU
		{7535BE4C-0306-4597-8302-E8EBA6486692}.Debug|Any CPU.Build.0 = Debug|Any CPU
		{7535BE4C-0306-4597-8302-E8EBA6486692}.Release|Any CPU.ActiveCfg = Release|Any CPU
		{7535BE4C-0306-4597-8302-E8EBA6486692}.Release|Any CPU.Build.0 = Release|Any CPU
		{104E3B6D-0784-4962-86B3-9BFF4DB616C1}.Debug|Any CPU.ActiveCfg = Debug|Any CPU
		{104E3B6D-0784-4962-86B3-9BFF4DB616C1}.Debug|Any CPU.Build.0 = Debug|Any CPU
		{104E3B6D-0784-4962-86B3-9BFF4DB616C1}.Release|Any CPU.ActiveCfg = Release|Any CPU
		{104E3B6D-0784-4962-86B3-9BFF4DB616C1}.Release|Any CPU.Build.0 = Release|Any CPU
		{B6F3A217-9FE4-4FC4-8530-5A1E99ED909E}.Debug|Any CPU.ActiveCfg = Debug|Any CPU
		{B6F3A217-9FE4-4FC4-8530-5A1E99ED909E}.Debug|Any CPU.Build.0 = Debug|Any CPU
		{B6F3A217-9FE4-4FC4-8530-5A1E99ED909E}.Release|Any CPU.ActiveCfg = Release|Any CPU
		{B6F3A217-9FE4-4FC4-8530-5A1E99ED909E}.Release|Any CPU.Build.0 = Release|Any CPU
		{B844B218-A36E-46BA-AAEC-905791194E75}.Debug|Any CPU.ActiveCfg = Debug|Any CPU
		{B844B218-A36E-46BA-AAEC-905791194E75}.Debug|Any CPU.Build.0 = Debug|Any CPU
		{B844B218-A36E-46BA-AAEC-905791194E75}.Release|Any CPU.ActiveCfg = Release|Any CPU
		{B844B218-A36E-46BA-AAEC-905791194E75}.Release|Any CPU.Build.0 = Release|Any CPU
		{42F1A517-228E-405A-A0C2-3A329D126C32}.Debug|Any CPU.ActiveCfg = Debug|Any CPU
		{42F1A517-228E-405A-A0C2-3A329D126C32}.Debug|Any CPU.Build.0 = Debug|Any CPU
		{42F1A517-228E-405A-A0C2-3A329D126C32}.Release|Any CPU.ActiveCfg = Release|Any CPU
		{42F1A517-228E-405A-A0C2-3A329D126C32}.Release|Any CPU.Build.0 = Release|Any CPU
	EndGlobalSection
	GlobalSection(SolutionProperties) = preSolution
		HideSolutionNode = FALSE
	EndGlobalSection
	GlobalSection(NestedProjects) = preSolution
		{7535BE4C-0306-4597-8302-E8EBA6486692} = {1B10600B-50E7-41F9-B589-CC6B044FDA84}
		{104E3B6D-0784-4962-86B3-9BFF4DB616C1} = {A6C1C34F-E85B-4245-BD37-F6F4ADD83E39}
		{B6F3A217-9FE4-4FC4-8530-5A1E99ED909E} = {1B10600B-50E7-41F9-B589-CC6B044FDA84}
		{B844B218-A36E-46BA-AAEC-905791194E75} = {A6C1C34F-E85B-4245-BD37-F6F4ADD83E39}
		{42F1A517-228E-405A-A0C2-3A329D126C32} = {92254410-C08C-4DEB-AAC3-215560F25D32}
	EndGlobalSection
	GlobalSection(ExtensibilityGlobals) = postSolution
		SolutionGuid = {5260467F-489F-4BA1-9A51-D2C5DA535CA6}
	EndGlobalSection
EndGlobal
