
Microsoft Visual Studio Solution File, Format Version 12.00
# Visual Studio Version 17
VisualStudioVersion = 17.9.34728.123
MinimumVisualStudioVersion = 10.0.40219.1
Project("{2150E333-8FDC-42A3-9474-1A3956D46DE8}") = "Delivery 1", "Delivery 1", "{1B10600B-50E7-41F9-B589-CC6B044FDA84}"
EndProject
Project("{FAE04EC0-301F-11D3-BF4B-00C04F79EFBC}") = "FactoryMethod", "FactoryMethod\FactoryMethod.csproj", "{7535BE4C-0306-4597-8302-E8EBA6486692}"
EndProject
Global
	GlobalSection(SolutionConfigurationPlatforms) = preSolution
		Debug|Any CPU = Debug|Any CPU
		Release|Any CPU = Release|Any CPU
	EndGlobalSection
	GlobalSection(ProjectConfigurationPlatforms) = postSolution
		{7535BE4C-0306-4597-8302-E8EBA6486692}.Debug|Any CPU.ActiveCfg = Debug|Any CPU
		{7535BE4C-0306-4597-8302-E8EBA6486692}.Debug|Any CPU.Build.0 = Debug|Any CPU
		{7535BE4C-0306-4597-8302-E8EBA6486692}.Release|Any CPU.ActiveCfg = Release|Any CPU
		{7535BE4C-0306-4597-8302-E8EBA6486692}.Release|Any CPU.Build.0 = Release|Any CPU
	EndGlobalSection
	GlobalSection(SolutionProperties) = preSolution
		HideSolutionNode = FALSE
	EndGlobalSection
	GlobalSection(NestedProjects) = preSolution
		{7535BE4C-0306-4597-8302-E8EBA6486692} = {1B10600B-50E7-41F9-B589-CC6B044FDA84}
	EndGlobalSection
	GlobalSection(ExtensibilityGlobals) = postSolution
		SolutionGuid = {5260467F-489F-4BA1-9A51-D2C5DA535CA6}
	EndGlobalSection
EndGlobal
